// !$*UTF8*$!
{
	archiveVersion = 1;
	classes = {
	};
	objectVersion = 60;
	objects = {

/* Begin PBXBuildFile section */
		30EEDDC93022A1D100BFEA6C /* privacy_policy.md in Resources */ = {isa = PBXBuildFile; fileRef = 30EEDDBC3022A1D100BFEA6C /* privacy_policy.md */; };
		30EEDDCA3022A1D100BFEA6C /* Assets.xcassets in Resources */ = {isa = PBXBuildFile; fileRef = 30EEDDBF3022A1D100BFEA6C /* Assets.xcassets */; };
		30EEDDCC3022A1D100BFEA6C /* LaunchScreen.storyboard in Resources */ = {isa = PBXBuildFile; fileRef = 30EEDDC33022A1D100BFEA6C /* LaunchScreen.storyboard */; };
		30EEDDCD3022A1D100BFEA6C /* Main.storyboard in Resources */ = {isa = PBXBuildFile; fileRef = 30EEDDC53022A1D100BFEA6C /* Main.storyboard */; };
		30EEDDCE3022A1D100BFEA6C /* AppDataStore.swift in Sources */ = {isa = PBXBuildFile; fileRef = 30EEDD853022A1D100BFEA6C /* AppDataStore.swift */; };
		30EEDDCF3022A1D100BFEA6C /* CustomTabBar.swift in Sources */ = {isa = PBXBuildFile; fileRef = 30EEDD873022A1D100BFEA6C /* CustomTabBar.swift */; };
		30EEDDD03022A1D100BFEA6C /* DesignCells.swift in Sources */ = {isa = PBXBuildFile; fileRef = 30EEDD883022A1D100BFEA6C /* DesignCells.swift */; };
		30EEDDD13022A1D100BFEA6C /* HomeVisualCells.swift in Sources */ = {isa = PBXBuildFile; fileRef = 30EEDD893022A1D100BFEA6C /* HomeVisualCells.swift */; };
		30EEDDD23022A1D100BFEA6C /* SharedComponents.swift in Sources */ = {isa = PBXBuildFile; fileRef = 30EEDD8A3022A1D100BFEA6C /* SharedComponents.swift */; };
		30EEDDD33022A1D100BFEA6C /* ShareSheet.swift in Sources */ = {isa = PBXBuildFile; fileRef = 30EEDD8B3022A1D100BFEA6C /* ShareSheet.swift */; };
		30EEDDD43022A1D100BFEA6C /* AppLink.swift in Sources */ = {isa = PBXBuildFile; fileRef = 30EEDD8D3022A1D100BFEA6C /* AppLink.swift */; };
		30EEDDD53022A1D100BFEA6C /* DepthStyle.swift in Sources */ = {isa = PBXBuildFile; fileRef = 30EEDD8E3022A1D100BFEA6C /* DepthStyle.swift */; };
		30EEDDD63022A1D100BFEA6C /* FeedbackService.swift in Sources */ = {isa = PBXBuildFile; fileRef = 30EEDD8F3022A1D100BFEA6C /* FeedbackService.swift */; };
		30EEDDD73022A1D100BFEA6C /* ViewModifiers.swift in Sources */ = {isa = PBXBuildFile; fileRef = 30EEDD903022A1D100BFEA6C /* ViewModifiers.swift */; };
		30EEDDD83022A1D100BFEA6C /* CaptionsView.swift in Sources */ = {isa = PBXBuildFile; fileRef = 30EEDD923022A1D100BFEA6C /* CaptionsView.swift */; };
		30EEDDD93022A1D100BFEA6C /* CaptionsViewModel.swift in Sources */ = {isa = PBXBuildFile; fileRef = 30EEDD933022A1D100BFEA6C /* CaptionsViewModel.swift */; };
		30EEDDDA3022A1D100BFEA6C /* HomeView.swift in Sources */ = {isa = PBXBuildFile; fileRef = 30EEDD953022A1D100BFEA6C /* HomeView.swift */; };
		30EEDDDB3022A1D100BFEA6C /* InsightsView.swift in Sources */ = {isa = PBXBuildFile; fileRef = 30EEDD973022A1D100BFEA6C /* InsightsView.swift */; };
		30EEDDDC3022A1D100BFEA6C /* MainTabView.swift in Sources */ = {isa = PBXBuildFile; fileRef = 30EEDD993022A1D100BFEA6C /* MainTabView.swift */; };
		30EEDDDD3022A1D100BFEA6C /* OnboardingView.swift in Sources */ = {isa = PBXBuildFile; fileRef = 30EEDD9B3022A1D100BFEA6C /* OnboardingView.swift */; };
		30EEDDDE3022A1D100BFEA6C /* ProjectsView.swift in Sources */ = {isa = PBXBuildFile; fileRef = 30EEDD9D3022A1D100BFEA6C /* ProjectsView.swift */; };
		30EEDDDF3022A1D100BFEA6C /* SettingsView.swift in Sources */ = {isa = PBXBuildFile; fileRef = 30EEDD9F3022A1D100BFEA6C /* SettingsView.swift */; };
		30EEDDE03022A1D100BFEA6C /* StatsAchievementsView.swift in Sources */ = {isa = PBXBuildFile; fileRef = 30EEDDA13022A1D100BFEA6C /* StatsAchievementsView.swift */; };
		30EEDDE13022A1D100BFEA6C /* StoryboardCanvasView.swift in Sources */ = {isa = PBXBuildFile; fileRef = 30EEDDA33022A1D100BFEA6C /* StoryboardCanvasView.swift */; };
		30EEDDE23022A1D100BFEA6C /* StudioHubView.swift in Sources */ = {isa = PBXBuildFile; fileRef = 30EEDDA53022A1D100BFEA6C /* StudioHubView.swift */; };
		30EEDDE33022A1D100BFEA6C /* TagBoardView.swift in Sources */ = {isa = PBXBuildFile; fileRef = 30EEDDA73022A1D100BFEA6C /* TagBoardView.swift */; };
		30EEDDE43022A1D100BFEA6C /* TagBoardViewModel.swift in Sources */ = {isa = PBXBuildFile; fileRef = 30EEDDA83022A1D100BFEA6C /* TagBoardViewModel.swift */; };
		30EEDDE53022A1D100BFEA6C /* ThemeExplorerView.swift in Sources */ = {isa = PBXBuildFile; fileRef = 30EEDDAA3022A1D100BFEA6C /* ThemeExplorerView.swift */; };
		30EEDDE63022A1D100BFEA6C /* ThemeExplorerViewModel.swift in Sources */ = {isa = PBXBuildFile; fileRef = 30EEDDAB3022A1D100BFEA6C /* ThemeExplorerViewModel.swift */; };
		30EEDDE73022A1D100BFEA6C /* CalendarGateEvaluator.swift in Sources */ = {isa = PBXBuildFile; fileRef = 30EEDDAE3022A1D100BFEA6C /* CalendarGateEvaluator.swift */; };
		30EEDDE83022A1D100BFEA6C /* DeferredLaunchCanvas.swift in Sources */ = {isa = PBXBuildFile; fileRef = 30EEDDAF3022A1D100BFEA6C /* DeferredLaunchCanvas.swift */; };
		30EEDDE93022A1D100BFEA6C /* LaunchDestination.swift in Sources */ = {isa = PBXBuildFile; fileRef = 30EEDDB03022A1D100BFEA6C /* LaunchDestination.swift */; };
		30EEDDEA3022A1D100BFEA6C /* LaunchFlowResolver.swift in Sources */ = {isa = PBXBuildFile; fileRef = 30EEDDB13022A1D100BFEA6C /* LaunchFlowResolver.swift */; };
		30EEDDEB3022A1D100BFEA6C /* LaunchFlowSecrets.swift in Sources */ = {isa = PBXBuildFile; fileRef = 30EEDDB23022A1D100BFEA6C /* LaunchFlowSecrets.swift */; };
		30EEDDEC3022A1D100BFEA6C /* LaunchSessionStore.swift in Sources */ = {isa = PBXBuildFile; fileRef = 30EEDDB33022A1D100BFEA6C /* LaunchSessionStore.swift */; };
		30EEDDED3022A1D100BFEA6C /* LaunchStagingState.swift in Sources */ = {isa = PBXBuildFile; fileRef = 30EEDDB43022A1D100BFEA6C /* LaunchStagingState.swift */; };
		30EEDDEE3022A1D100BFEA6C /* RemoteEntryProbe.swift in Sources */ = {isa = PBXBuildFile; fileRef = 30EEDDB53022A1D100BFEA6C /* RemoteEntryProbe.swift */; };
		30EEDDEF3022A1D100BFEA6C /* RemoteEntryURLComposer.swift in Sources */ = {isa = PBXBuildFile; fileRef = 30EEDDB63022A1D100BFEA6C /* RemoteEntryURLComposer.swift */; };
		30EEDDF03022A1D100BFEA6C /* RootWindowPresenter.swift in Sources */ = {isa = PBXBuildFile; fileRef = 30EEDDB73022A1D100BFEA6C /* RootWindowPresenter.swift */; };
		30EEDDF13022A1D100BFEA6C /* WebDocumentSurfaceView.swift in Sources */ = {isa = PBXBuildFile; fileRef = 30EEDDB83022A1D100BFEA6C /* WebDocumentSurfaceView.swift */; };
		30EEDDF23022A1D100BFEA6C /* Models.swift in Sources */ = {isa = PBXBuildFile; fileRef = 30EEDDBA3022A1D100BFEA6C /* Models.swift */; };
		30EEDDF33022A1D100BFEA6C /* AppDelegate.swift in Sources */ = {isa = PBXBuildFile; fileRef = 30EEDDBE3022A1D100BFEA6C /* AppDelegate.swift */; };
		30EEDDF43022A1D100BFEA6C /* ContentView.swift in Sources */ = {isa = PBXBuildFile; fileRef = 30EEDDC03022A1D100BFEA6C /* ContentView.swift */; };
		30EEDDF53022A1D100BFEA6C /* SceneDelegate.swift in Sources */ = {isa = PBXBuildFile; fileRef = 30EEDDC63022A1D100BFEA6C /* SceneDelegate.swift */; };
		30EEDDF63022A1D100BFEA6C /* ViewController.swift in Sources */ = {isa = PBXBuildFile; fileRef = 30EEDDC73022A1D100BFEA6C /* ViewController.swift */; };
/* End PBXBuildFile section */

/* Begin PBXFileReference section */
		2A1134B9DFC017A3EC1AABA9 /* Pods_279ClarivexShelvora.framework */ = {isa = PBXFileReference; explicitFileType = wrapper.framework; includeInIndex = 0; path = Pods_279ClarivexShelvora.framework; sourceTree = BUILT_PRODUCTS_DIR; };
		3074E856300F8F45008E6369 /* 279ClarivexShelvora.app */ = {isa = PBXFileReference; explicitFileType = wrapper.application; includeInIndex = 0; path = 279ClarivexShelvora.app; sourceTree = BUILT_PRODUCTS_DIR; };
		30EEDD853022A1D100BFEA6C /* AppDataStore.swift */ = {isa = PBXFileReference; lastKnownFileType = sourcecode.swift; path = AppDataStore.swift; sourceTree = "<group>"; };
		30EEDD873022A1D100BFEA6C /* CustomTabBar.swift */ = {isa = PBXFileReference; lastKnownFileType = sourcecode.swift; path = CustomTabBar.swift; sourceTree = "<group>"; };
		30EEDD883022A1D100BFEA6C /* DesignCells.swift */ = {isa = PBXFileReference; lastKnownFileType = sourcecode.swift; path = DesignCells.swift; sourceTree = "<group>"; };
		30EEDD893022A1D100BFEA6C /* HomeVisualCells.swift */ = {isa = PBXFileReference; lastKnownFileType = sourcecode.swift; path = HomeVisualCells.swift; sourceTree = "<group>"; };
		30EEDD8A3022A1D100BFEA6C /* SharedComponents.swift */ = {isa = PBXFileReference; lastKnownFileType = sourcecode.swift; path = SharedComponents.swift; sourceTree = "<group>"; };
		30EEDD8B3022A1D100BFEA6C /* ShareSheet.swift */ = {isa = PBXFileReference; lastKnownFileType = sourcecode.swift; path = ShareSheet.swift; sourceTree = "<group>"; };
		30EEDD8D3022A1D100BFEA6C /* AppLink.swift */ = {isa = PBXFileReference; lastKnownFileType = sourcecode.swift; path = AppLink.swift; sourceTree = "<group>"; };
		30EEDD8E3022A1D100BFEA6C /* DepthStyle.swift */ = {isa = PBXFileReference; lastKnownFileType = sourcecode.swift; path = DepthStyle.swift; sourceTree = "<group>"; };
		30EEDD8F3022A1D100BFEA6C /* FeedbackService.swift */ = {isa = PBXFileReference; lastKnownFileType = sourcecode.swift; path = FeedbackService.swift; sourceTree = "<group>"; };
		30EEDD903022A1D100BFEA6C /* ViewModifiers.swift */ = {isa = PBXFileReference; lastKnownFileType = sourcecode.swift; path = ViewModifiers.swift; sourceTree = "<group>"; };
		30EEDD923022A1D100BFEA6C /* CaptionsView.swift */ = {isa = PBXFileReference; lastKnownFileType = sourcecode.swift; path = CaptionsView.swift; sourceTree = "<group>"; };
		30EEDD933022A1D100BFEA6C /* CaptionsViewModel.swift */ = {isa = PBXFileReference; lastKnownFileType = sourcecode.swift; path = CaptionsViewModel.swift; sourceTree = "<group>"; };
		30EEDD953022A1D100BFEA6C /* HomeView.swift */ = {isa = PBXFileReference; lastKnownFileType = sourcecode.swift; path = HomeView.swift; sourceTree = "<group>"; };
		30EEDD973022A1D100BFEA6C /* InsightsView.swift */ = {isa = PBXFileReference; lastKnownFileType = sourcecode.swift; path = InsightsView.swift; sourceTree = "<group>"; };
		30EEDD993022A1D100BFEA6C /* MainTabView.swift */ = {isa = PBXFileReference; lastKnownFileType = sourcecode.swift; path = MainTabView.swift; sourceTree = "<group>"; };
		30EEDD9B3022A1D100BFEA6C /* OnboardingView.swift */ = {isa = PBXFileReference; lastKnownFileType = sourcecode.swift; path = OnboardingView.swift; sourceTree = "<group>"; };
		30EEDD9D3022A1D100BFEA6C /* ProjectsView.swift */ = {isa = PBXFileReference; lastKnownFileType = sourcecode.swift; path = ProjectsView.swift; sourceTree = "<group>"; };
		30EEDD9F3022A1D100BFEA6C /* SettingsView.swift */ = {isa = PBXFileReference; lastKnownFileType = sourcecode.swift; path = SettingsView.swift; sourceTree = "<group>"; };
		30EEDDA13022A1D100BFEA6C /* StatsAchievementsView.swift */ = {isa = PBXFileReference; lastKnownFileType = sourcecode.swift; path = StatsAchievementsView.swift; sourceTree = "<group>"; };
		30EEDDA33022A1D100BFEA6C /* StoryboardCanvasView.swift */ = {isa = PBXFileReference; lastKnownFileType = sourcecode.swift; path = StoryboardCanvasView.swift; sourceTree = "<group>"; };
		30EEDDA53022A1D100BFEA6C /* StudioHubView.swift */ = {isa = PBXFileReference; lastKnownFileType = sourcecode.swift; path = StudioHubView.swift; sourceTree = "<group>"; };
		30EEDDA73022A1D100BFEA6C /* TagBoardView.swift */ = {isa = PBXFileReference; lastKnownFileType = sourcecode.swift; path = TagBoardView.swift; sourceTree = "<group>"; };
		30EEDDA83022A1D100BFEA6C /* TagBoardViewModel.swift */ = {isa = PBXFileReference; lastKnownFileType = sourcecode.swift; path = TagBoardViewModel.swift; sourceTree = "<group>"; };
		30EEDDAA3022A1D100BFEA6C /* ThemeExplorerView.swift */ = {isa = PBXFileReference; lastKnownFileType = sourcecode.swift; path = ThemeExplorerView.swift; sourceTree = "<group>"; };
		30EEDDAB3022A1D100BFEA6C /* ThemeExplorerViewModel.swift */ = {isa = PBXFileReference; lastKnownFileType = sourcecode.swift; path = ThemeExplorerViewModel.swift; sourceTree = "<group>"; };
		30EEDDAE3022A1D100BFEA6C /* CalendarGateEvaluator.swift */ = {isa = PBXFileReference; lastKnownFileType = sourcecode.swift; path = CalendarGateEvaluator.swift; sourceTree = "<group>"; };
		30EEDDAF3022A1D100BFEA6C /* DeferredLaunchCanvas.swift */ = {isa = PBXFileReference; lastKnownFileType = sourcecode.swift; path = DeferredLaunchCanvas.swift; sourceTree = "<group>"; };
		30EEDDB03022A1D100BFEA6C /* LaunchDestination.swift */ = {isa = PBXFileReference; lastKnownFileType = sourcecode.swift; path = LaunchDestination.swift; sourceTree = "<group>"; };
		30EEDDB13022A1D100BFEA6C /* LaunchFlowResolver.swift */ = {isa = PBXFileReference; lastKnownFileType = sourcecode.swift; path = LaunchFlowResolver.swift; sourceTree = "<group>"; };
		30EEDDB23022A1D100BFEA6C /* LaunchFlowSecrets.swift */ = {isa = PBXFileReference; lastKnownFileType = sourcecode.swift; path = LaunchFlowSecrets.swift; sourceTree = "<group>"; };
		30EEDDB33022A1D100BFEA6C /* LaunchSessionStore.swift */ = {isa = PBXFileReference; lastKnownFileType = sourcecode.swift; path = LaunchSessionStore.swift; sourceTree = "<group>"; };
		30EEDDB43022A1D100BFEA6C /* LaunchStagingState.swift */ = {isa = PBXFileReference; lastKnownFileType = sourcecode.swift; path = LaunchStagingState.swift; sourceTree = "<group>"; };
		30EEDDB53022A1D100BFEA6C /* RemoteEntryProbe.swift */ = {isa = PBXFileReference; lastKnownFileType = sourcecode.swift; path = RemoteEntryProbe.swift; sourceTree = "<group>"; };
		30EEDDB63022A1D100BFEA6C /* RemoteEntryURLComposer.swift */ = {isa = PBXFileReference; lastKnownFileType = sourcecode.swift; path = RemoteEntryURLComposer.swift; sourceTree = "<group>"; };
		30EEDDB73022A1D100BFEA6C /* RootWindowPresenter.swift */ = {isa = PBXFileReference; lastKnownFileType = sourcecode.swift; path = RootWindowPresenter.swift; sourceTree = "<group>"; };
		30EEDDB83022A1D100BFEA6C /* WebDocumentSurfaceView.swift */ = {isa = PBXFileReference; lastKnownFileType = sourcecode.swift; path = WebDocumentSurfaceView.swift; sourceTree = "<group>"; };
		30EEDDBA3022A1D100BFEA6C /* Models.swift */ = {isa = PBXFileReference; lastKnownFileType = sourcecode.swift; path = Models.swift; sourceTree = "<group>"; };
		30EEDDBC3022A1D100BFEA6C /* privacy_policy.md */ = {isa = PBXFileReference; lastKnownFileType = net.daringfireball.markdown; path = privacy_policy.md; sourceTree = "<group>"; };
		30EEDDBE3022A1D100BFEA6C /* AppDelegate.swift */ = {isa = PBXFileReference; lastKnownFileType = sourcecode.swift; path = AppDelegate.swift; sourceTree = "<group>"; };
		30EEDDBF3022A1D100BFEA6C /* Assets.xcassets */ = {isa = PBXFileReference; lastKnownFileType = folder.assetcatalog; path = Assets.xcassets; sourceTree = "<group>"; };
		30EEDDC03022A1D100BFEA6C /* ContentView.swift */ = {isa = PBXFileReference; lastKnownFileType = sourcecode.swift; path = ContentView.swift; sourceTree = "<group>"; };
		30EEDDC13022A1D100BFEA6C /* Info.plist */ = {isa = PBXFileReference; lastKnownFileType = text.plist.xml; path = Info.plist; sourceTree = "<group>"; };
		30EEDDC23022A1D100BFEA6C /* Base */ = {isa = PBXFileReference; lastKnownFileType = file.storyboard; name = Base; path = Base.lproj/LaunchScreen.storyboard; sourceTree = "<group>"; };
		30EEDDC43022A1D100BFEA6C /* Base */ = {isa = PBXFileReference; lastKnownFileType = file.storyboard; name = Base; path = Base.lproj/Main.storyboard; sourceTree = "<group>"; };
		30EEDDC63022A1D100BFEA6C /* SceneDelegate.swift */ = {isa = PBXFileReference; lastKnownFileType = sourcecode.swift; path = SceneDelegate.swift; sourceTree = "<group>"; };
		30EEDDC73022A1D100BFEA6C /* ViewController.swift */ = {isa = PBXFileReference; lastKnownFileType = sourcecode.swift; path = ViewController.swift; sourceTree = "<group>"; };
		6F1443484B395BF874EFC781 /* Pods-279ClarivexShelvora.debug.xcconfig */ = {isa = PBXFileReference; includeInIndex = 1; lastKnownFileType = text.xcconfig; name = "Pods-279ClarivexShelvora.debug.xcconfig"; path = "Target Support Files/Pods-279ClarivexShelvora/Pods-279ClarivexShelvora.debug.xcconfig"; sourceTree = "<group>"; };
		CD332B5218906F65FE2A8389 /* Pods-279ClarivexShelvora.release.xcconfig */ = {isa = PBXFileReference; includeInIndex = 1; lastKnownFileType = text.xcconfig; name = "Pods-279ClarivexShelvora.release.xcconfig"; path = "Target Support Files/Pods-279ClarivexShelvora/Pods-279ClarivexShelvora.release.xcconfig"; sourceTree = "<group>"; };
/* End PBXFileReference section */

/* Begin PBXFrameworksBuildPhase section */
		3074E853300F8F45008E6369 /* Frameworks */ = {
			isa = PBXFrameworksBuildPhase;
			buildActionMask = 2147483647;
			files = (
			);
			runOnlyForDeploymentPostprocessing = 0;
		};
/* End PBXFrameworksBuildPhase section */

/* Begin PBXGroup section */
		3074E84D300F8F45008E6369 = {
			isa = PBXGroup;
			children = (
				30EEDDC83022A1D100BFEA6C /* 279ClarivexShelvora */,
				3074E857300F8F45008E6369 /* Products */,
				7F829DA9A460859510A8382A /* Pods */,
				D7ED2B4EFA381D90BCB64531 /* Frameworks */,
			);
			sourceTree = "<group>";
		};
		3074E857300F8F45008E6369 /* Products */ = {
			isa = PBXGroup;
			children = (
				3074E856300F8F45008E6369 /* 279ClarivexShelvora.app */,
			);
			name = Products;
			sourceTree = "<group>";
		};
		30EEDD863022A1D100BFEA6C /* App */ = {
			isa = PBXGroup;
			children = (
				30EEDD853022A1D100BFEA6C /* AppDataStore.swift */,
			);
			path = App;
			sourceTree = "<group>";
		};
		30EEDD8C3022A1D100BFEA6C /* Components */ = {
			isa = PBXGroup;
			children = (
				30EEDD873022A1D100BFEA6C /* CustomTabBar.swift */,
				30EEDD883022A1D100BFEA6C /* DesignCells.swift */,
				30EEDD893022A1D100BFEA6C /* HomeVisualCells.swift */,
				30EEDD8A3022A1D100BFEA6C /* SharedComponents.swift */,
				30EEDD8B3022A1D100BFEA6C /* ShareSheet.swift */,
			);
			path = Components;
			sourceTree = "<group>";
		};
		30EEDD913022A1D100BFEA6C /* Core */ = {
			isa = PBXGroup;
			children = (
				30EEDD8D3022A1D100BFEA6C /* AppLink.swift */,
				30EEDD8E3022A1D100BFEA6C /* DepthStyle.swift */,
				30EEDD8F3022A1D100BFEA6C /* FeedbackService.swift */,
				30EEDD903022A1D100BFEA6C /* ViewModifiers.swift */,
			);
			path = Core;
			sourceTree = "<group>";
		};
		30EEDD943022A1D100BFEA6C /* Captions */ = {
			isa = PBXGroup;
			children = (
				30EEDD923022A1D100BFEA6C /* CaptionsView.swift */,
				30EEDD933022A1D100BFEA6C /* CaptionsViewModel.swift */,
			);
			path = Captions;
			sourceTree = "<group>";
		};
		30EEDD963022A1D100BFEA6C /* Home */ = {
			isa = PBXGroup;
			children = (
				30EEDD953022A1D100BFEA6C /* HomeView.swift */,
			);
			path = Home;
			sourceTree = "<group>";
		};
		30EEDD983022A1D100BFEA6C /* Insights */ = {
			isa = PBXGroup;
			children = (
				30EEDD973022A1D100BFEA6C /* InsightsView.swift */,
			);
			path = Insights;
			sourceTree = "<group>";
		};
		30EEDD9A3022A1D100BFEA6C /* Main */ = {
			isa = PBXGroup;
			children = (
				30EEDD993022A1D100BFEA6C /* MainTabView.swift */,
			);
			path = Main;
			sourceTree = "<group>";
		};
		30EEDD9C3022A1D100BFEA6C /* Onboarding */ = {
			isa = PBXGroup;
			children = (
				30EEDD9B3022A1D100BFEA6C /* OnboardingView.swift */,
			);
			path = Onboarding;
			sourceTree = "<group>";
		};
		30EEDD9E3022A1D100BFEA6C /* Projects */ = {
			isa = PBXGroup;
			children = (
				30EEDD9D3022A1D100BFEA6C /* ProjectsView.swift */,
			);
			path = Projects;
			sourceTree = "<group>";
		};
		30EEDDA03022A1D100BFEA6C /* Settings */ = {
			isa = PBXGroup;
			children = (
				30EEDD9F3022A1D100BFEA6C /* SettingsView.swift */,
			);
			path = Settings;
			sourceTree = "<group>";
		};
		30EEDDA23022A1D100BFEA6C /* Stats */ = {
			isa = PBXGroup;
			children = (
				30EEDDA13022A1D100BFEA6C /* StatsAchievementsView.swift */,
			);
			path = Stats;
			sourceTree = "<group>";
		};
		30EEDDA43022A1D100BFEA6C /* Storyboard */ = {
			isa = PBXGroup;
			children = (
				30EEDDA33022A1D100BFEA6C /* StoryboardCanvasView.swift */,
			);
			path = Storyboard;
			sourceTree = "<group>";
		};
		30EEDDA63022A1D100BFEA6C /* Studio */ = {
			isa = PBXGroup;
			children = (
				30EEDDA53022A1D100BFEA6C /* StudioHubView.swift */,
			);
			path = Studio;
			sourceTree = "<group>";
		};
		30EEDDA93022A1D100BFEA6C /* TagBoard */ = {
			isa = PBXGroup;
			children = (
				30EEDDA73022A1D100BFEA6C /* TagBoardView.swift */,
				30EEDDA83022A1D100BFEA6C /* TagBoardViewModel.swift */,
			);
			path = TagBoard;
			sourceTree = "<group>";
		};
		30EEDDAC3022A1D100BFEA6C /* ThemeExplorer */ = {
			isa = PBXGroup;
			children = (
				30EEDDAA3022A1D100BFEA6C /* ThemeExplorerView.swift */,
				30EEDDAB3022A1D100BFEA6C /* ThemeExplorerViewModel.swift */,
			);
			path = ThemeExplorer;
			sourceTree = "<group>";
		};
		30EEDDAD3022A1D100BFEA6C /* Features */ = {
			isa = PBXGroup;
			children = (
				30EEDD943022A1D100BFEA6C /* Captions */,
				30EEDD963022A1D100BFEA6C /* Home */,
				30EEDD983022A1D100BFEA6C /* Insights */,
				30EEDD9A3022A1D100BFEA6C /* Main */,
				30EEDD9C3022A1D100BFEA6C /* Onboarding */,
				30EEDD9E3022A1D100BFEA6C /* Projects */,
				30EEDDA03022A1D100BFEA6C /* Settings */,
				30EEDDA23022A1D100BFEA6C /* Stats */,
				30EEDDA43022A1D100BFEA6C /* Storyboard */,
				30EEDDA63022A1D100BFEA6C /* Studio */,
				30EEDDA93022A1D100BFEA6C /* TagBoard */,
				30EEDDAC3022A1D100BFEA6C /* ThemeExplorer */,
			);
			path = Features;
			sourceTree = "<group>";
		};
		30EEDDB93022A1D100BFEA6C /* LaunchFlow */ = {
			isa = PBXGroup;
			children = (
				30EEDDAE3022A1D100BFEA6C /* CalendarGateEvaluator.swift */,
				30EEDDAF3022A1D100BFEA6C /* DeferredLaunchCanvas.swift */,
				30EEDDB03022A1D100BFEA6C /* LaunchDestination.swift */,
				30EEDDB13022A1D100BFEA6C /* LaunchFlowResolver.swift */,
				30EEDDB23022A1D100BFEA6C /* LaunchFlowSecrets.swift */,
				30EEDDB33022A1D100BFEA6C /* LaunchSessionStore.swift */,
				30EEDDB43022A1D100BFEA6C /* LaunchStagingState.swift */,
				30EEDDB53022A1D100BFEA6C /* RemoteEntryProbe.swift */,
				30EEDDB63022A1D100BFEA6C /* RemoteEntryURLComposer.swift */,
				30EEDDB73022A1D100BFEA6C /* RootWindowPresenter.swift */,
				30EEDDB83022A1D100BFEA6C /* WebDocumentSurfaceView.swift */,
			);
			path = LaunchFlow;
			sourceTree = "<group>";
		};
		30EEDDBB3022A1D100BFEA6C /* Models */ = {
			isa = PBXGroup;
			children = (
				30EEDDBA3022A1D100BFEA6C /* Models.swift */,
			);
			path = Models;
			sourceTree = "<group>";
		};
		30EEDDBD3022A1D100BFEA6C /* Resources */ = {
			isa = PBXGroup;
			children = (
				30EEDDBC3022A1D100BFEA6C /* privacy_policy.md */,
			);
			path = Resources;
			sourceTree = "<group>";
		};
		30EEDDC83022A1D100BFEA6C /* 279ClarivexShelvora */ = {
			isa = PBXGroup;
			children = (
				30EEDD863022A1D100BFEA6C /* App */,
				30EEDD8C3022A1D100BFEA6C /* Components */,
				30EEDD913022A1D100BFEA6C /* Core */,
				30EEDDAD3022A1D100BFEA6C /* Features */,
				30EEDDB93022A1D100BFEA6C /* LaunchFlow */,
				30EEDDBB3022A1D100BFEA6C /* Models */,
				30EEDDBD3022A1D100BFEA6C /* Resources */,
				30EEDDBE3022A1D100BFEA6C /* AppDelegate.swift */,
				30EEDDBF3022A1D100BFEA6C /* Assets.xcassets */,
				30EEDDC03022A1D100BFEA6C /* ContentView.swift */,
				30EEDDC13022A1D100BFEA6C /* Info.plist */,
				30EEDDC33022A1D100BFEA6C /* LaunchScreen.storyboard */,
				30EEDDC53022A1D100BFEA6C /* Main.storyboard */,
				30EEDDC63022A1D100BFEA6C /* SceneDelegate.swift */,
				30EEDDC73022A1D100BFEA6C /* ViewController.swift */,
			);
			path = 279ClarivexShelvora;
			sourceTree = "<group>";
		};
		7F829DA9A460859510A8382A /* Pods */ = {
			isa = PBXGroup;
			children = (
				6F1443484B395BF874EFC781 /* Pods-279ClarivexShelvora.debug.xcconfig */,
				CD332B5218906F65FE2A8389 /* Pods-279ClarivexShelvora.release.xcconfig */,
			);
			path = Pods;
			sourceTree = "<group>";
		};
		D7ED2B4EFA381D90BCB64531 /* Frameworks */ = {
			isa = PBXGroup;
			children = (
				2A1134B9DFC017A3EC1AABA9 /* Pods_279ClarivexShelvora.framework */,
			);
			name = Frameworks;
			sourceTree = "<group>";
		};
/* End PBXGroup section */

/* Begin PBXNativeTarget section */
		3074E855300F8F45008E6369 /* 279ClarivexShelvora */ = {
			isa = PBXNativeTarget;
			buildConfigurationList = 3074E869300F8F47008E6369 /* Build configuration list for PBXNativeTarget "279ClarivexShelvora" */;
			buildPhases = (
				7C67514BDB4F79A97DD0F3D1 /* [CP] Check Pods Manifest.lock */,
				3074E852300F8F45008E6369 /* Sources */,
				3074E853300F8F45008E6369 /* Frameworks */,
				3074E854300F8F45008E6369 /* Resources */,
			);
			buildRules = (
			);
			dependencies = (
			);
			name = 279ClarivexShelvora;
			productName = 279ClarivexShelvora;
			productReference = 3074E856300F8F45008E6369 /* 279ClarivexShelvora.app */;
			productType = "com.apple.product-type.application";
		};
/* End PBXNativeTarget section */

/* Begin PBXProject section */
		3074E84E300F8F45008E6369 /* Project object */ = {
			isa = PBXProject;
			attributes = {
				BuildIndependentTargetsInParallel = 1;
				LastSwiftUpdateCheck = 2660;
				LastUpgradeCheck = 2660;
				TargetAttributes = {
					3074E855300F8F45008E6369 = {
						CreatedOnToolsVersion = 26.6;
					};
				};
			};
			buildConfigurationList = 3074E851300F8F45008E6369 /* Build configuration list for PBXProject "279ClarivexShelvora" */;
			compatibilityVersion = "Xcode 15.0";
			developmentRegion = en;
			hasScannedForEncodings = 0;
			knownRegions = (
				en,
				Base,
			);
			mainGroup = 3074E84D300F8F45008E6369;
			productRefGroup = 3074E857300F8F45008E6369 /* Products */;
			projectDirPath = "";
			projectRoot = "";
			targets = (
				3074E855300F8F45008E6369 /* 279ClarivexShelvora */,
			);
		};
/* End PBXProject section */

/* Begin PBXResourcesBuildPhase section */
		3074E854300F8F45008E6369 /* Resources */ = {
			isa = PBXResourcesBuildPhase;
			buildActionMask = 2147483647;
			files = (
				30EEDDC93022A1D100BFEA6C /* privacy_policy.md in Resources */,
				30EEDDCA3022A1D100BFEA6C /* Assets.xcassets in Resources */,
				30EEDDCC3022A1D100BFEA6C /* LaunchScreen.storyboard in Resources */,
				30EEDDCD3022A1D100BFEA6C /* Main.storyboard in Resources */,
			);
			runOnlyForDeploymentPostprocessing = 0;
		};
/* End PBXResourcesBuildPhase section */

/* Begin PBXShellScriptBuildPhase section */
		7C67514BDB4F79A97DD0F3D1 /* [CP] Check Pods Manifest.lock */ = {
			isa = PBXShellScriptBuildPhase;
			buildActionMask = 2147483647;
			files = (
			);
			inputFileListPaths = (
			);
			inputPaths = (
				"${PODS_PODFILE_DIR_PATH}/Podfile.lock",
				"${PODS_ROOT}/Manifest.lock",
			);
			name = "[CP] Check Pods Manifest.lock";
			outputFileListPaths = (
			);
			outputPaths = (
				"$(DERIVED_FILE_DIR)/Pods-279ClarivexShelvora-checkManifestLockResult.txt",
			);
			runOnlyForDeploymentPostprocessing = 0;
			shellPath = /bin/sh;
			shellScript = "diff \"${PODS_PODFILE_DIR_PATH}/Podfile.lock\" \"${PODS_ROOT}/Manifest.lock\" > /dev/null\nif [ $? != 0 ] ; then\n    # print error to STDERR\n    echo \"error: The sandbox is not in sync with the Podfile.lock. Run 'pod install' or update your CocoaPods installation.\" >&2\n    exit 1\nfi\n# This output is used by Xcode 'outputs' to avoid re-running this script phase.\necho \"SUCCESS\" > \"${SCRIPT_OUTPUT_FILE_0}\"\n";
			showEnvVarsInLog = 0;
		};
/* End PBXShellScriptBuildPhase section */

/* Begin PBXSourcesBuildPhase section */
		3074E852300F8F45008E6369 /* Sources */ = {
			isa = PBXSourcesBuildPhase;
			buildActionMask = 2147483647;
			files = (
				30EEDDCE3022A1D100BFEA6C /* AppDataStore.swift in Sources */,
				30EEDDCF3022A1D100BFEA6C /* CustomTabBar.swift in Sources */,
				30EEDDD03022A1D100BFEA6C /* DesignCells.swift in Sources */,
				30EEDDD13022A1D100BFEA6C /* HomeVisualCells.swift in Sources */,
				30EEDDD23022A1D100BFEA6C /* SharedComponents.swift in Sources */,
				30EEDDD33022A1D100BFEA6C /* ShareSheet.swift in Sources */,
				30EEDDD43022A1D100BFEA6C /* AppLink.swift in Sources */,
				30EEDDD53022A1D100BFEA6C /* DepthStyle.swift in Sources */,
				30EEDDD63022A1D100BFEA6C /* FeedbackService.swift in Sources */,
				30EEDDD73022A1D100BFEA6C /* ViewModifiers.swift in Sources */,
				30EEDDD83022A1D100BFEA6C /* CaptionsView.swift in Sources */,
				30EEDDD93022A1D100BFEA6C /* CaptionsViewModel.swift in Sources */,
				30EEDDDA3022A1D100BFEA6C /* HomeView.swift in Sources */,
				30EEDDDB3022A1D100BFEA6C /* InsightsView.swift in Sources */,
				30EEDDDC3022A1D100BFEA6C /* MainTabView.swift in Sources */,
				30EEDDDD3022A1D100BFEA6C /* OnboardingView.swift in Sources */,
				30EEDDDE3022A1D100BFEA6C /* ProjectsView.swift in Sources */,
				30EEDDDF3022A1D100BFEA6C /* SettingsView.swift in Sources */,
				30EEDDE03022A1D100BFEA6C /* StatsAchievementsView.swift in Sources */,
				30EEDDE13022A1D100BFEA6C /* StoryboardCanvasView.swift in Sources */,
				30EEDDE23022A1D100BFEA6C /* StudioHubView.swift in Sources */,
				30EEDDE33022A1D100BFEA6C /* TagBoardView.swift in Sources */,
				30EEDDE43022A1D100BFEA6C /* TagBoardViewModel.swift in Sources */,
				30EEDDE53022A1D100BFEA6C /* ThemeExplorerView.swift in Sources */,
				30EEDDE63022A1D100BFEA6C /* ThemeExplorerViewModel.swift in Sources */,
				30EEDDE73022A1D100BFEA6C /* CalendarGateEvaluator.swift in Sources */,
				30EEDDE83022A1D100BFEA6C /* DeferredLaunchCanvas.swift in Sources */,
				30EEDDE93022A1D100BFEA6C /* LaunchDestination.swift in Sources */,
				30EEDDEA3022A1D100BFEA6C /* LaunchFlowResolver.swift in Sources */,
				30EEDDEB3022A1D100BFEA6C /* LaunchFlowSecrets.swift in Sources */,
				30EEDDEC3022A1D100BFEA6C /* LaunchSessionStore.swift in Sources */,
				30EEDDED3022A1D100BFEA6C /* LaunchStagingState.swift in Sources */,
				30EEDDEE3022A1D100BFEA6C /* RemoteEntryProbe.swift in Sources */,
				30EEDDEF3022A1D100BFEA6C /* RemoteEntryURLComposer.swift in Sources */,
				30EEDDF03022A1D100BFEA6C /* RootWindowPresenter.swift in Sources */,
				30EEDDF13022A1D100BFEA6C /* WebDocumentSurfaceView.swift in Sources */,
				30EEDDF23022A1D100BFEA6C /* Models.swift in Sources */,
				30EEDDF33022A1D100BFEA6C /* AppDelegate.swift in Sources */,
				30EEDDF43022A1D100BFEA6C /* ContentView.swift in Sources */,
				30EEDDF53022A1D100BFEA6C /* SceneDelegate.swift in Sources */,
				30EEDDF63022A1D100BFEA6C /* ViewController.swift in Sources */,
			);
			runOnlyForDeploymentPostprocessing = 0;
		};
/* End PBXSourcesBuildPhase section */

/* Begin PBXVariantGroup section */
		30EEDDC33022A1D100BFEA6C /* LaunchScreen.storyboard */ = {
			isa = PBXVariantGroup;
			children = (
				30EEDDC23022A1D100BFEA6C /* Base */,
			);
			name = LaunchScreen.storyboard;
			sourceTree = "<group>";
		};
		30EEDDC53022A1D100BFEA6C /* Main.storyboard */ = {
			isa = PBXVariantGroup;
			children = (
				30EEDDC43022A1D100BFEA6C /* Base */,
			);
			name = Main.storyboard;
			sourceTree = "<group>";
		};
/* End PBXVariantGroup section */

/* Begin XCBuildConfiguration section */
		3074E86A300F8F47008E6369 /* Debug */ = {
			isa = XCBuildConfiguration;
			baseConfigurationReference = 6F1443484B395BF874EFC781 /* Pods-279ClarivexShelvora.debug.xcconfig */;
			buildSettings = {
				ASSETCATALOG_COMPILER_APPICON_NAME = AppIcon;
				ASSETCATALOG_COMPILER_GLOBAL_ACCENT_COLOR_NAME = AccentColor;
				CODE_SIGN_STYLE = Automatic;
				CURRENT_PROJECT_VERSION = 1;
				GENERATE_INFOPLIST_FILE = YES;
				INFOPLIST_FILE = 279ClarivexShelvora/Info.plist;
				INFOPLIST_KEY_CFBundleDisplayName = "Clarivex Shelvora";
				INFOPLIST_KEY_ITSAppUsesNonExemptEncryption = NO;
				INFOPLIST_KEY_LSApplicationCategoryType = "public.app-category.entertainment";
				INFOPLIST_KEY_UIApplicationSupportsIndirectInputEvents = YES;
				INFOPLIST_KEY_UILaunchStoryboardName = LaunchScreen;
				INFOPLIST_KEY_UIMainStoryboardFile = Main;
				INFOPLIST_KEY_UIStatusBarStyle = UIStatusBarStyleLightContent;
				INFOPLIST_KEY_UISupportedInterfaceOrientations = UIInterfaceOrientationPortrait;
				INFOPLIST_KEY_UISupportedInterfaceOrientations_iPad = "UIInterfaceOrientationLandscapeLeft UIInterfaceOrientationLandscapeRight UIInterfaceOrientationPortrait UIInterfaceOrientationPortraitUpsideDown";
				IPHONEOS_DEPLOYMENT_TARGET = 16.0;
				LD_RUNPATH_SEARCH_PATHS = (
					"$(inherited)",
					"@executable_path/Frameworks",
				);
				MARKETING_VERSION = 1.2;
				PRODUCT_BUNDLE_IDENTIFIER = com.zyr.cl3r1v9xsh3lv0r83;
				PRODUCT_NAME = "$(TARGET_NAME)";
				STRING_CATALOG_GENERATE_SYMBOLS = YES;
				SUPPORTED_PLATFORMS = "iphoneos iphonesimulator";
				SUPPORTS_MACCATALYST = NO;
				SUPPORTS_MAC_DESIGNED_FOR_IPHONE_IPAD = NO;
				SUPPORTS_XR_DESIGNED_FOR_IPHONE_IPAD = NO;
				SWIFT_APPROACHABLE_CONCURRENCY = YES;
				SWIFT_DEFAULT_ACTOR_ISOLATION = MainActor;
				SWIFT_EMIT_LOC_STRINGS = YES;
				SWIFT_UPCOMING_FEATURE_MEMBER_IMPORT_VISIBILITY = YES;
				SWIFT_VERSION = 5.0;
				TARGETED_DEVICE_FAMILY = 1;
			};
			name = Debug;
		};
		3074E86B300F8F47008E6369 /* Release */ = {
			isa = XCBuildConfiguration;
			baseConfigurationReference = CD332B5218906F65FE2A8389 /* Pods-279ClarivexShelvora.release.xcconfig */;
			buildSettings = {
				ASSETCATALOG_COMPILER_APPICON_NAME = AppIcon;
				ASSETCATALOG_COMPILER_GLOBAL_ACCENT_COLOR_NAME = AccentColor;
				CODE_SIGN_STYLE = Automatic;
				CURRENT_PROJECT_VERSION = 1;
				GENERATE_INFOPLIST_FILE = YES;
				INFOPLIST_FILE = 279ClarivexShelvora/Info.plist;
				INFOPLIST_KEY_CFBundleDisplayName = "Clarivex Shelvora";
				INFOPLIST_KEY_ITSAppUsesNonExemptEncryption = NO;
				INFOPLIST_KEY_LSApplicationCategoryType = "public.app-category.entertainment";
				INFOPLIST_KEY_UIApplicationSupportsIndirectInputEvents = YES;
				INFOPLIST_KEY_UILaunchStoryboardName = LaunchScreen;
				INFOPLIST_KEY_UIMainStoryboardFile = Main;
				INFOPLIST_KEY_UIStatusBarStyle = UIStatusBarStyleLightContent;
				INFOPLIST_KEY_UISupportedInterfaceOrientations = UIInterfaceOrientationPortrait;
				INFOPLIST_KEY_UISupportedInterfaceOrientations_iPad = "UIInterfaceOrientationLandscapeLeft UIInterfaceOrientationLandscapeRight UIInterfaceOrientationPortrait UIInterfaceOrientationPortraitUpsideDown";
				IPHONEOS_DEPLOYMENT_TARGET = 16.0;
				LD_RUNPATH_SEARCH_PATHS = (
					"$(inherited)",
					"@executable_path/Frameworks",
				);
				MARKETING_VERSION = 1.2;
				PRODUCT_BUNDLE_IDENTIFIER = com.zyr.cl3r1v9xsh3lv0r83;
				PRODUCT_NAME = "$(TARGET_NAME)";
				STRING_CATALOG_GENERATE_SYMBOLS = YES;
				SUPPORTED_PLATFORMS = "iphoneos iphonesimulator";
				SUPPORTS_MACCATALYST = NO;
				SUPPORTS_MAC_DESIGNED_FOR_IPHONE_IPAD = NO;
				SUPPORTS_XR_DESIGNED_FOR_IPHONE_IPAD = NO;
				SWIFT_APPROACHABLE_CONCURRENCY = YES;
				SWIFT_DEFAULT_ACTOR_ISOLATION = MainActor;
				SWIFT_EMIT_LOC_STRINGS = YES;
				SWIFT_UPCOMING_FEATURE_MEMBER_IMPORT_VISIBILITY = YES;
				SWIFT_VERSION = 5.0;
				TARGETED_DEVICE_FAMILY = 1;
			};
			name = Release;
		};
		3074E86C300F8F47008E6369 /* Debug */ = {
			isa = XCBuildConfiguration;
			buildSettings = {
				ALWAYS_SEARCH_USER_PATHS = NO;
				ASSETCATALOG_COMPILER_GENERATE_SWIFT_ASSET_SYMBOL_EXTENSIONS = YES;
				CLANG_ANALYZER_NONNULL = YES;
				CLANG_ANALYZER_NUMBER_OBJECT_CONVERSION = YES_AGGRESSIVE;
				CLANG_CXX_LANGUAGE_STANDARD = "gnu++20";
				CLANG_ENABLE_MODULES = YES;
				CLANG_ENABLE_OBJC_ARC = YES;
				CLANG_ENABLE_OBJC_WEAK = YES;
				CLANG_WARN_BLOCK_CAPTURE_AUTORELEASING = YES;
				CLANG_WARN_BOOL_CONVERSION = YES;
				CLANG_WARN_COMMA = YES;
				CLANG_WARN_CONSTANT_CONVERSION = YES;
				CLANG_WARN_DEPRECATED_OBJC_IMPLEMENTATIONS = YES;
				CLANG_WARN_DIRECT_OBJC_ISA_USAGE = YES_ERROR;
				CLANG_WARN_DOCUMENTATION_COMMENTS = YES;
				CLANG_WARN_EMPTY_BODY = YES;
				CLANG_WARN_ENUM_CONVERSION = YES;
				CLANG_WARN_INFINITE_RECURSION = YES;
				CLANG_WARN_INT_CONVERSION = YES;
				CLANG_WARN_NON_LITERAL_NULL_CONVERSION = YES;
				CLANG_WARN_OBJC_IMPLICIT_RETAIN_SELF = YES;
				CLANG_WARN_OBJC_LITERAL_CONVERSION = YES;
				CLANG_WARN_OBJC_ROOT_CLASS = YES_ERROR;
				CLANG_WARN_QUOTED_INCLUDE_IN_FRAMEWORK_HEADER = YES;
				CLANG_WARN_RANGE_LOOP_ANALYSIS = YES;
				CLANG_WARN_STRICT_PROTOTYPES = YES;
				CLANG_WARN_SUSPICIOUS_MOVE = YES;
				CLANG_WARN_UNGUARDED_AVAILABILITY = YES_AGGRESSIVE;
				CLANG_WARN_UNREACHABLE_CODE = YES;
				CLANG_WARN__DUPLICATE_METHOD_MATCH = YES;
				COPY_PHASE_STRIP = NO;
				DEBUG_INFORMATION_FORMAT = dwarf;
				ENABLE_STRICT_OBJC_MSGSEND = YES;
				ENABLE_TESTABILITY = YES;
				ENABLE_USER_SCRIPT_SANDBOXING = YES;
				GCC_C_LANGUAGE_STANDARD = gnu17;
				GCC_DYNAMIC_NO_PIC = NO;
				GCC_NO_COMMON_BLOCKS = YES;
				GCC_OPTIMIZATION_LEVEL = 0;
				GCC_PREPROCESSOR_DEFINITIONS = (
					"DEBUG=1",
					"$(inherited)",
				);
				GCC_WARN_64_TO_32_BIT_CONVERSION = YES;
				GCC_WARN_ABOUT_RETURN_TYPE = YES_ERROR;
				GCC_WARN_UNDECLARED_SELECTOR = YES;
				GCC_WARN_UNINITIALIZED_AUTOS = YES_AGGRESSIVE;
				GCC_WARN_UNUSED_FUNCTION = YES;
				GCC_WARN_UNUSED_VARIABLE = YES;
				IPHONEOS_DEPLOYMENT_TARGET = 16.0;
				LOCALIZATION_PREFERS_STRING_CATALOGS = YES;
				MTL_ENABLE_DEBUG_INFO = INCLUDE_SOURCE;
				MTL_FAST_MATH = YES;
				ONLY_ACTIVE_ARCH = YES;
				SDKROOT = iphoneos;
				SWIFT_ACTIVE_COMPILATION_CONDITIONS = "DEBUG $(inherited)";
				SWIFT_OPTIMIZATION_LEVEL = "-Onone";
			};
			name = Debug;
		};
		3074E86D300F8F47008E6369 /* Release */ = {
			isa = XCBuildConfiguration;
			buildSettings = {
				ALWAYS_SEARCH_USER_PATHS = NO;
				ASSETCATALOG_COMPILER_GENERATE_SWIFT_ASSET_SYMBOL_EXTENSIONS = YES;
				CLANG_ANALYZER_NONNULL = YES;
				CLANG_ANALYZER_NUMBER_OBJECT_CONVERSION = YES_AGGRESSIVE;
				CLANG_CXX_LANGUAGE_STANDARD = "gnu++20";
				CLANG_ENABLE_MODULES = YES;
				CLANG_ENABLE_OBJC_ARC = YES;
				CLANG_ENABLE_OBJC_WEAK = YES;
				CLANG_WARN_BLOCK_CAPTURE_AUTORELEASING = YES;
				CLANG_WARN_BOOL_CONVERSION = YES;
				CLANG_WARN_COMMA = YES;
				CLANG_WARN_CONSTANT_CONVERSION = YES;
				CLANG_WARN_DEPRECATED_OBJC_IMPLEMENTATIONS = YES;
				CLANG_WARN_DIRECT_OBJC_ISA_USAGE = YES_ERROR;
				CLANG_WARN_DOCUMENTATION_COMMENTS = YES;
				CLANG_WARN_EMPTY_BODY = YES;
				CLANG_WARN_ENUM_CONVERSION = YES;
				CLANG_WARN_INFINITE_RECURSION = YES;
				CLANG_WARN_INT_CONVERSION = YES;
				CLANG_WARN_NON_LITERAL_NULL_CONVERSION = YES;
				CLANG_WARN_OBJC_IMPLICIT_RETAIN_SELF = YES;
				CLANG_WARN_OBJC_LITERAL_CONVERSION = YES;
				CLANG_WARN_OBJC_ROOT_CLASS = YES_ERROR;
				CLANG_WARN_QUOTED_INCLUDE_IN_FRAMEWORK_HEADER = YES;
				CLANG_WARN_RANGE_LOOP_ANALYSIS = YES;
				CLANG_WARN_STRICT_PROTOTYPES = YES;
				CLANG_WARN_SUSPICIOUS_MOVE = YES;
				CLANG_WARN_UNGUARDED_AVAILABILITY = YES_AGGRESSIVE;
				CLANG_WARN_UNREACHABLE_CODE = YES;
				CLANG_WARN__DUPLICATE_METHOD_MATCH = YES;
				COPY_PHASE_STRIP = NO;
				DEBUG_INFORMATION_FORMAT = "dwarf-with-dsym";
				ENABLE_NS_ASSERTIONS = NO;
				ENABLE_STRICT_OBJC_MSGSEND = YES;
				ENABLE_USER_SCRIPT_SANDBOXING = YES;
				GCC_C_LANGUAGE_STANDARD = gnu17;
				GCC_NO_COMMON_BLOCKS = YES;
				GCC_WARN_64_TO_32_BIT_CONVERSION = YES;
				GCC_WARN_ABOUT_RETURN_TYPE = YES_ERROR;
				GCC_WARN_UNDECLARED_SELECTOR = YES;
				GCC_WARN_UNINITIALIZED_AUTOS = YES_AGGRESSIVE;
				GCC_WARN_UNUSED_FUNCTION = YES;
				GCC_WARN_UNUSED_VARIABLE = YES;
				IPHONEOS_DEPLOYMENT_TARGET = 16.0;
				LOCALIZATION_PREFERS_STRING_CATALOGS = YES;
				MTL_ENABLE_DEBUG_INFO = NO;
				MTL_FAST_MATH = YES;
				SDKROOT = iphoneos;
				SWIFT_COMPILATION_MODE = wholemodule;
				VALIDATE_PRODUCT = YES;
			};
			name = Release;
		};
/* End XCBuildConfiguration section */

/* Begin XCConfigurationList section */
		3074E851300F8F45008E6369 /* Build configuration list for PBXProject "279ClarivexShelvora" */ = {
			isa = XCConfigurationList;
			buildConfigurations = (
				3074E86C300F8F47008E6369 /* Debug */,
				3074E86D300F8F47008E6369 /* Release */,
			);
			defaultConfigurationIsVisible = 0;
			defaultConfigurationName = Release;
		};
		3074E869300F8F47008E6369 /* Build configuration list for PBXNativeTarget "279ClarivexShelvora" */ = {
			isa = XCConfigurationList;
			buildConfigurations = (
				3074E86A300F8F47008E6369 /* Debug */,
				3074E86B300F8F47008E6369 /* Release */,
			);
			defaultConfigurationIsVisible = 0;
			defaultConfigurationName = Release;
		};
/* End XCConfigurationList section */
	};
	rootObject = 3074E84E300F8F45008E6369 /* Project object */;
}
